<?xml version="1.0" encoding="utf-8"?>
<Project ToolsVersion="4.0" xmlns="http://schemas.microsoft.com/developer/msbuild/2003">
  <ItemGroup>
    <Filter Include="Falco">
      <UniqueIdentifier>{CABC280D-36D1-50BE-FF52-F41D6B264DEF}</UniqueIdentifier>
    </Filter>
    <Filter Include="Falco\Events">
      <UniqueIdentifier>{6EE1E43F-5A44-74E4-03CA-AC9AEF0B4067}</UniqueIdentifier>
    </Filter>
    <Filter Include="Falco\Platform">
      <UniqueIdentifier>{5EFCC0E8-4ACA-B4EE-335E-25151FCB9053}</UniqueIdentifier>
    </Filter>
    <Filter Include="Falco\Platform\Windows">
      <UniqueIdentifier>{9824BC73-841E-E5C5-6D8B-7BD659244B32}</UniqueIdentifier>
    </Filter>
  </ItemGroup>
  <ItemGroup>
    <ClInclude Include="src\Falco.h" />
    <ClInclude Include="src\Falco\Application.h">
      <Filter>Falco</Filter>
    </ClInclude>
    <ClInclude Include="src\Falco\Core.h">
      <Filter>Falco</Filter>
    </ClInclude>
    <ClInclude Include="src\Falco\EntryPoint.h">
      <Filter>Falco</Filter>
    </ClInclude>
    <ClInclude Include="src\Falco\Events\ApplicationEvent.h">
      <Filter>Falco\Events</Filter>
    </ClInclude>
    <ClInclude Include="src\Falco\Events\Event.h">
      <Filter>Falco\Events</Filter>
    </ClInclude>
    <ClInclude Include="src\Falco\Events\KeyEvent.h">
      <Filter>Falco\Events</Filter>
    </ClInclude>
    <ClInclude Include="src\Falco\Events\MouseEvent.h">
      <Filter>Falco\Events</Filter>
    </ClInclude>
    <ClInclude Include="src\Falco\Layer.h">
      <Filter>Falco</Filter>
    </ClInclude>
    <ClInclude Include="src\Falco\LayerStack.h">
      <Filter>Falco</Filter>
    </ClInclude>
    <ClInclude Include="src\Falco\Log.h">
      <Filter>Falco</Filter>
    </ClInclude>
    <ClInclude Include="src\Falco\Platform\Windows\WindowsWindow.h">
      <Filter>Falco\Platform\Windows</Filter>
    </ClInclude>
    <ClInclude Include="src\Falco\Window.h">
      <Filter>Falco</Filter>
    </ClInclude>
    <ClInclude Include="src\flcpch.h" />
  </ItemGroup>
  <ItemGroup>
    <ClCompile Include="src\Falco\Application.cpp">
      <Filter>Falco</Filter>
    </ClCompile>
    <ClCompile Include="src\Falco\Layer.cpp">
      <Filter>Falco</Filter>
    </ClCompile>
    <ClCompile Include="src\Falco\LayerStack.cpp">
      <Filter>Falco</Filter>
    </ClCompile>
    <ClCompile Include="src\Falco\Log.cpp">
      <Filter>Falco</Filter>
    </ClCompile>
    <ClCompile Include="src\Falco\Platform\Windows\WindowsWindow.cpp">
      <Filter>Falco\Platform\Windows</Filter>
    </ClCompile>
    <ClCompile Include="src\flcpch.cpp" />
  </ItemGroup>
</Project>